<?xml version="1.0" encoding="utf-8"?>
<Project ToolsVersion="4.0" xmlns="http://schemas.microsoft.com/developer/msbuild/2003">
  <ItemGroup>
    <Filter Include="Source Files">
      <UniqueIdentifier>{4FC737F1-C7A5-4376-A066-2A32D752A2FF}</UniqueIdentifier>
      <Extensions>cpp;c;cc;cxx;def;odl;idl;hpj;bat;asm;asmx</Extensions>
    </Filter>
    <Filter Include="Header Files">
      <UniqueIdentifier>{93995380-89BD-4b04-88EB-625FBE52EBFB}</UniqueIdentifier>
      <Extensions>h;hh;hpp;hxx;hm;inl;inc;ipp;xsd</Extensions>
    </Filter>
    <Filter Include="Resource Files">
      <UniqueIdentifier>{67DA6AB6-F800-4c08-8B7A-83BB121AAD01}</UniqueIdentifier>
      <Extensions>rc;ico;cur;bmp;dlg;rc2;rct;bin;rgs;gif;jpg;jpeg;jpe;resx;tiff;tif;png;wav;mfcribbon-ms</Extensions>
    </Filter>
  </ItemGroup>
  <ItemGroup>
    <ClInclude Include="roguezombie\bitengine\Audio.hpp">
      <Filter>Source Files</Filter>
    </ClInclude>
    <ClInclude Include="roguezombie\bitengine\Game.hpp">
      <Filter>Source Files</Filter>
    </ClInclude>
    <ClInclude Include="roguezombie\bitengine\Graphics.hpp">
      <Filter>Source Files</Filter>
    </ClInclude>
    <ClInclude Include="roguezombie\bitengine\Gui.hpp">
      <Filter>Source Files</Filter>
    </ClInclude>
    <ClInclude Include="roguezombie\bitengine\Input.hpp">
      <Filter>Source Files</Filter>
    </ClInclude>
    <ClInclude Include="roguezombie\bitengine\Intelligence.hpp">
      <Filter>Source Files</Filter>
    </ClInclude>
    <ClInclude Include="roguezombie\bitengine\Math.hpp">
      <Filter>Source Files</Filter>
    </ClInclude>
    <ClInclude Include="roguezombie\bitengine\Network.hpp">
      <Filter>Source Files</Filter>
    </ClInclude>
    <ClInclude Include="roguezombie\bitengine\Structures.hpp">
      <Filter>Source Files</Filter>
    </ClInclude>
    <ClInclude Include="roguezombie\bitengine\System.hpp">
      <Filter>Source Files</Filter>
    </ClInclude>
    <ClInclude Include="roguezombie\bitengine\Audio\MusicManager.hpp">
      <Filter>Header Files</Filter>
    </ClInclude>
    <ClInclude Include="roguezombie\bitengine\Audio\SoundManager.hpp">
      <Filter>Header Files</Filter>
    </ClInclude>
    <ClInclude Include="roguezombie\bitengine\Game\FrameTimer.hpp">
      <Filter>Header Files</Filter>
    </ClInclude>
    <ClInclude Include="roguezombie\bitengine\Game\Game.hpp">
      <Filter>Header Files</Filter>
    </ClInclude>
    <ClInclude Include="roguezombie\bitengine\Game\GameComponent.hpp">
      <Filter>Header Files</Filter>
    </ClInclude>
    <ClInclude Include="roguezombie\bitengine\Game\GameTimer.hpp">
      <Filter>Header Files</Filter>
    </ClInclude>
    <ClInclude Include="roguezombie\bitengine\Game\State.hpp">
      <Filter>Header Files</Filter>
    </ClInclude>
    <ClInclude Include="roguezombie\bitengine\Game\StateStack.hpp">
      <Filter>Header Files</Filter>
    </ClInclude>
    <ClInclude Include="roguezombie\bitengine\Game\VideoGame.hpp">
      <Filter>Header Files</Filter>
    </ClInclude>
    <ClInclude Include="roguezombie\bitengine\Graphics\Animation.hpp">
      <Filter>Header Files</Filter>
    </ClInclude>
    <ClInclude Include="roguezombie\bitengine\Graphics\Camera.hpp">
      <Filter>Header Files</Filter>
    </ClInclude>
    <ClInclude Include="roguezombie\bitengine\Graphics\ColorMixer.hpp">
      <Filter>Header Files</Filter>
    </ClInclude>
    <ClInclude Include="roguezombie\bitengine\Graphics\Sprite.hpp">
      <Filter>Header Files</Filter>
    </ClInclude>
    <ClInclude Include="roguezombie\bitengine\Graphics\SpriteLoader.hpp">
      <Filter>Header Files</Filter>
    </ClInclude>
    <ClInclude Include="roguezombie\bitengine\Graphics\Vertex3.hpp">
      <Filter>Header Files</Filter>
    </ClInclude>
    <ClInclude Include="roguezombie\bitengine\Graphics\Vertex3Array.hpp">
      <Filter>Header Files</Filter>
    </ClInclude>
    <ClInclude Include="roguezombie\bitengine\Graphics\VertexHelper.hpp">
      <Filter>Header Files</Filter>
    </ClInclude>
    <ClInclude Include="roguezombie\bitengine\Graphics\VertexMap.hpp">
      <Filter>Header Files</Filter>
    </ClInclude>
    <ClInclude Include="roguezombie\bitengine\Gui\Checkbox.hpp">
      <Filter>Header Files</Filter>
    </ClInclude>
    <ClInclude Include="roguezombie\bitengine\Gui\Container.hpp">
      <Filter>Header Files</Filter>
    </ClInclude>
    <ClInclude Include="roguezombie\bitengine\Gui\Draggable.hpp">
      <Filter>Header Files</Filter>
    </ClInclude>
    <ClInclude Include="roguezombie\bitengine\Gui\Easing.hpp">
      <Filter>Header Files</Filter>
    </ClInclude>
    <ClInclude Include="roguezombie\bitengine\Gui\Effect.hpp">
      <Filter>Header Files</Filter>
    </ClInclude>
    <ClInclude Include="roguezombie\bitengine\Gui\Element.hpp">
      <Filter>Header Files</Filter>
    </ClInclude>
    <ClInclude Include="roguezombie\bitengine\Gui\FadeEffect.hpp">
      <Filter>Header Files</Filter>
    </ClInclude>
    <ClInclude Include="roguezombie\bitengine\Gui\Hoverable.hpp">
      <Filter>Header Files</Filter>
    </ClInclude>
    <ClInclude Include="roguezombie\bitengine\Gui\Label.hpp">
      <Filter>Header Files</Filter>
    </ClInclude>
    <ClInclude Include="roguezombie\bitengine\Gui\Mouse.hpp">
      <Filter>Header Files</Filter>
    </ClInclude>
    <ClInclude Include="roguezombie\bitengine\Gui\MoveEffect.hpp">
      <Filter>Header Files</Filter>
    </ClInclude>
    <ClInclude Include="roguezombie\bitengine\Gui\Picture.hpp">
      <Filter>Header Files</Filter>
    </ClInclude>
    <ClInclude Include="roguezombie\bitengine\Gui\ScaleEffect.hpp">
      <Filter>Header Files</Filter>
    </ClInclude>
    <ClInclude Include="roguezombie\bitengine\Gui\Slider.hpp">
      <Filter>Header Files</Filter>
    </ClInclude>
    <ClInclude Include="roguezombie\bitengine\Input\InputBinding.hpp">
      <Filter>Header Files</Filter>
    </ClInclude>
    <ClInclude Include="roguezombie\bitengine\Input\InputBindingVector.hpp">
      <Filter>Header Files</Filter>
    </ClInclude>
    <ClInclude Include="roguezombie\bitengine\Input\InputManager.hpp">
      <Filter>Header Files</Filter>
    </ClInclude>
    <ClInclude Include="roguezombie\bitengine\Input\XinputGamepad.hpp">
      <Filter>Header Files</Filter>
    </ClInclude>
    <ClInclude Include="roguezombie\bitengine\Intelligence\Astar.hpp">
      <Filter>Header Files</Filter>
    </ClInclude>
    <ClInclude Include="roguezombie\bitengine\Intelligence\AstarNode.hpp">
      <Filter>Header Files</Filter>
    </ClInclude>
    <ClInclude Include="roguezombie\bitengine\Intelligence\FloodFill.hpp">
      <Filter>Header Files</Filter>
    </ClInclude>
    <ClInclude Include="roguezombie\bitengine\Intelligence\Shadowcaster.hpp">
      <Filter>Header Files</Filter>
    </ClInclude>
    <ClInclude Include="roguezombie\bitengine\Intelligence\Spiral.hpp">
      <Filter>Header Files</Filter>
    </ClInclude>
    <ClInclude Include="roguezombie\bitengine\Math\Math.hpp">
      <Filter>Header Files</Filter>
    </ClInclude>
    <ClInclude Include="roguezombie\bitengine\Math\mtrand.hpp">
      <Filter>Header Files</Filter>
    </ClInclude>
    <ClInclude Include="roguezombie\bitengine\Math\Random.hpp">
      <Filter>Header Files</Filter>
    </ClInclude>
    <ClInclude Include="roguezombie\bitengine\Math\RectangleMath.hpp">
      <Filter>Header Files</Filter>
    </ClInclude>
    <ClInclude Include="roguezombie\bitengine\Math\VectorMath.hpp">
      <Filter>Header Files</Filter>
    </ClInclude>
    <ClInclude Include="roguezombie\bitengine\Network\ClientPacket.hpp">
      <Filter>Header Files</Filter>
    </ClInclude>
    <ClInclude Include="roguezombie\bitengine\Network\ClientServerState.hpp">
      <Filter>Header Files</Filter>
    </ClInclude>
    <ClInclude Include="roguezombie\bitengine\Network\NetworkHelper.hpp">
      <Filter>Header Files</Filter>
    </ClInclude>
    <ClInclude Include="roguezombie\bitengine\Network\RemoteClient.hpp">
      <Filter>Header Files</Filter>
    </ClInclude>
    <ClInclude Include="roguezombie\bitengine\Network\Server.hpp">
      <Filter>Header Files</Filter>
    </ClInclude>
    <ClInclude Include="roguezombie\bitengine\Network\ServerPacket.hpp">
      <Filter>Header Files</Filter>
    </ClInclude>
    <ClInclude Include="roguezombie\bitengine\Structures\Event.hpp">
      <Filter>Header Files</Filter>
    </ClInclude>
    <ClInclude Include="roguezombie\bitengine\Structures\Exception.hpp">
      <Filter>Header Files</Filter>
    </ClInclude>
    <ClInclude Include="roguezombie\bitengine\Structures\NonCopyable.hpp">
      <Filter>Header Files</Filter>
    </ClInclude>
    <ClInclude Include="roguezombie\bitengine\Structures\Pool.hpp">
      <Filter>Header Files</Filter>
    </ClInclude>
    <ClInclude Include="roguezombie\bitengine\Structures\QuadTree.hpp">
      <Filter>Header Files</Filter>
    </ClInclude>
    <ClInclude Include="roguezombie\bitengine\Structures\QuadTreeObject.hpp">
      <Filter>Header Files</Filter>
    </ClInclude>
    <ClInclude Include="roguezombie\bitengine\System\FileSystem.hpp">
      <Filter>Header Files</Filter>
    </ClInclude>
    <ClInclude Include="roguezombie\bitengine\System\Output.hpp">
      <Filter>Header Files</Filter>
    </ClInclude>
    <ClInclude Include="roguezombie\bitengine\System\PlatformDefinitions.hpp">
      <Filter>Header Files</Filter>
    </ClInclude>
    <ClInclude Include="roguezombie\bitengine\System\String.hpp">
      <Filter>Header Files</Filter>
    </ClInclude>
    <ClInclude Include="roguezombie\bitengine\System\tinyxml2.h">
      <Filter>Header Files</Filter>
    </ClInclude>
    <ClInclude Include="roguezombie\client\BodyClient.hpp">
      <Filter>Header Files</Filter>
    </ClInclude>
    <ClInclude Include="roguezombie\client\CharacterClient.hpp">
      <Filter>Header Files</Filter>
    </ClInclude>
    <ClInclude Include="roguezombie\client\CharacterSprite.hpp">
      <Filter>Header Files</Filter>
    </ClInclude>
    <ClInclude Include="roguezombie\client\LevelClient.hpp">
      <Filter>Header Files</Filter>
    </ClInclude>
    <ClInclude Include="roguezombie\client\LevelClientRunner.hpp">
      <Filter>Header Files</Filter>
    </ClInclude>
    <ClInclude Include="roguezombie\client\MoveMarker.hpp">
      <Filter>Header Files</Filter>
    </ClInclude>
    <ClInclude Include="roguezombie\client\RogueZombieGame.hpp">
      <Filter>Header Files</Filter>
    </ClInclude>
    <ClInclude Include="roguezombie\client\RZConfig.hpp">
      <Filter>Header Files</Filter>
    </ClInclude>
    <ClInclude Include="roguezombie\client\StateGameError.hpp">
      <Filter>Header Files</Filter>
    </ClInclude>
    <ClInclude Include="roguezombie\client\StateGamePlay.hpp">
      <Filter>Header Files</Filter>
    </ClInclude>
    <ClInclude Include="roguezombie\client\StateGameStart.hpp">
      <Filter>Header Files</Filter>
    </ClInclude>
    <ClInclude Include="roguezombie\client\StructureClient.hpp">
      <Filter>Header Files</Filter>
    </ClInclude>
    <ClInclude Include="roguezombie\client\TileClient.hpp">
      <Filter>Header Files</Filter>
    </ClInclude>
    <ClInclude Include="roguezombie\client\hud\ActionBar.hpp">
      <Filter>Header Files</Filter>
    </ClInclude>
    <ClInclude Include="roguezombie\client\hud\ActionBarSlot.hpp">
      <Filter>Header Files</Filter>
    </ClInclude>
    <ClInclude Include="roguezombie\client\hud\Console.hpp">
      <Filter>Header Files</Filter>
    </ClInclude>
    <ClInclude Include="roguezombie\client\hud\DialogMenu.hpp">
      <Filter>Header Files</Filter>
    </ClInclude>
    <ClInclude Include="roguezombie\client\hud\Frame.hpp">
      <Filter>Header Files</Filter>
    </ClInclude>
    <ClInclude Include="roguezombie\client\hud\Hud.hpp">
      <Filter>Header Files</Filter>
    </ClInclude>
    <ClInclude Include="roguezombie\client\hud\HudElement.hpp">
      <Filter>Header Files</Filter>
    </ClInclude>
    <ClInclude Include="roguezombie\client\hud\HudMenu.hpp">
      <Filter>Header Files</Filter>
    </ClInclude>
    <ClInclude Include="roguezombie\client\hud\InteractionMenu.hpp">
      <Filter>Header Files</Filter>
    </ClInclude>
    <ClInclude Include="roguezombie\client\hud\Inventory.hpp">
      <Filter>Header Files</Filter>
    </ClInclude>
    <ClInclude Include="roguezombie\client\hud\InventoryEquipmentSlot.hpp">
      <Filter>Header Files</Filter>
    </ClInclude>
    <ClInclude Include="roguezombie\client\hud\InventoryIcon.hpp">
      <Filter>Header Files</Filter>
    </ClInclude>
    <ClInclude Include="roguezombie\client\hud\InventoryItemLabel.hpp">
      <Filter>Header Files</Filter>
    </ClInclude>
    <ClInclude Include="roguezombie\client\hud\InventoryLootSlot.hpp">
      <Filter>Header Files</Filter>
    </ClInclude>
    <ClInclude Include="roguezombie\client\hud\InventoryPositionSlot.hpp">
      <Filter>Header Files</Filter>
    </ClInclude>
    <ClInclude Include="roguezombie\client\hud\Journal.hpp">
      <Filter>Header Files</Filter>
    </ClInclude>
    <ClInclude Include="roguezombie\client\hud\LootMenu.hpp">
      <Filter>Header Files</Filter>
    </ClInclude>
    <ClInclude Include="roguezombie\client\hud\Minimap.hpp">
      <Filter>Header Files</Filter>
    </ClInclude>
    <ClInclude Include="roguezombie\client\hud\Options.hpp">
      <Filter>Header Files</Filter>
    </ClInclude>
    <ClInclude Include="roguezombie\client\hud\OptionsBar.hpp">
      <Filter>Header Files</Filter>
    </ClInclude>
    <ClInclude Include="roguezombie\client\hud\StatBubble.hpp">
      <Filter>Header Files</Filter>
    </ClInclude>
    <ClInclude Include="roguezombie\client\hud\Tooltip.hpp">
      <Filter>Header Files</Filter>
    </ClInclude>
    <ClInclude Include="roguezombie\client\hud\TurnQueue.hpp">
      <Filter>Header Files</Filter>
    </ClInclude>
    <ClInclude Include="roguezombie\client\items\ItemClient.hpp">
      <Filter>Header Files</Filter>
    </ClInclude>
    <ClInclude Include="roguezombie\client\menus\ErrorMenu.hpp">
      <Filter>Header Files</Filter>
    </ClInclude>
    <ClInclude Include="roguezombie\client\menus\JoiningMenu.hpp">
      <Filter>Header Files</Filter>
    </ClInclude>
    <ClInclude Include="roguezombie\client\menus\StartMainMenu.hpp">
      <Filter>Header Files</Filter>
    </ClInclude>
    <ClInclude Include="roguezombie\client\menus\StateMenu.hpp">
      <Filter>Header Files</Filter>
    </ClInclude>
    <ClInclude Include="roguezombie\client\mission\MissionClient.hpp">
      <Filter>Header Files</Filter>
    </ClInclude>
    <ClInclude Include="roguezombie\client\structures\ChestClient.hpp">
      <Filter>Header Files</Filter>
    </ClInclude>
    <ClInclude Include="roguezombie\client\structures\DoorClient.hpp">
      <Filter>Header Files</Filter>
    </ClInclude>
    <ClInclude Include="roguezombie\client\structures\WallClient.hpp">
      <Filter>Header Files</Filter>
    </ClInclude>
    <ClInclude Include="roguezombie\server\AiRoutines.hpp">
      <Filter>Header Files</Filter>
    </ClInclude>
    <ClInclude Include="roguezombie\server\Body.hpp">
      <Filter>Header Files</Filter>
    </ClInclude>
    <ClInclude Include="roguezombie\server\Character.hpp">
      <Filter>Header Files</Filter>
    </ClInclude>
    <ClInclude Include="roguezombie\server\ClientRequest.hpp">
      <Filter>Header Files</Filter>
    </ClInclude>
    <ClInclude Include="roguezombie\server\Command.hpp">
      <Filter>Header Files</Filter>
    </ClInclude>
    <ClInclude Include="roguezombie\server\GameplayServer.hpp">
      <Filter>Header Files</Filter>
    </ClInclude>
    <ClInclude Include="roguezombie\server\Interaction.hpp">
      <Filter>Header Files</Filter>
    </ClInclude>
    <ClInclude Include="roguezombie\server\Level.hpp">
      <Filter>Header Files</Filter>
    </ClInclude>
    <ClInclude Include="roguezombie\server\LevelLoader.hpp">
      <Filter>Header Files</Filter>
    </ClInclude>
    <ClInclude Include="roguezombie\server\LevelRunnable.hpp">
      <Filter>Header Files</Filter>
    </ClInclude>
    <ClInclude Include="roguezombie\server\LevelRunner.hpp">
      <Filter>Header Files</Filter>
    </ClInclude>
    <ClInclude Include="roguezombie\server\Light.hpp">
      <Filter>Header Files</Filter>
    </ClInclude>
    <ClInclude Include="roguezombie\server\Player.hpp">
      <Filter>Header Files</Filter>
    </ClInclude>
    <ClInclude Include="roguezombie\server\RogueZombieServer.hpp">
      <Filter>Header Files</Filter>
    </ClInclude>
    <ClInclude Include="roguezombie\server\RpgSystem.hpp">
      <Filter>Header Files</Filter>
    </ClInclude>
    <ClInclude Include="roguezombie\server\ServerEvent.hpp">
      <Filter>Header Files</Filter>
    </ClInclude>
    <ClInclude Include="roguezombie\server\StateServerPlay.hpp">
      <Filter>Header Files</Filter>
    </ClInclude>
    <ClInclude Include="roguezombie\server\Structure.hpp">
      <Filter>Header Files</Filter>
    </ClInclude>
    <ClInclude Include="roguezombie\server\Tile.hpp">
      <Filter>Header Files</Filter>
    </ClInclude>
    <ClInclude Include="roguezombie\server\structures\Wall.hpp">
      <Filter>Header Files</Filter>
    </ClInclude>
    <ClInclude Include="roguezombie\server\characters\Hunter.hpp">
      <Filter>Header Files</Filter>
    </ClInclude>
    <ClInclude Include="roguezombie\server\characters\Ogre.hpp">
      <Filter>Header Files</Filter>
    </ClInclude>
    <ClInclude Include="roguezombie\server\characters\Zombie.hpp">
      <Filter>Header Files</Filter>
    </ClInclude>
    <ClInclude Include="roguezombie\server\dialog\Dialog.hpp">
      <Filter>Header Files</Filter>
    </ClInclude>
    <ClInclude Include="roguezombie\server\dialog\DialogEntry.hpp">
      <Filter>Header Files</Filter>
    </ClInclude>
    <ClInclude Include="roguezombie\server\dialog\DialogNode.hpp">
      <Filter>Header Files</Filter>
    </ClInclude>
    <ClInclude Include="roguezombie\server\dialog\DialogResponse.hpp">
      <Filter>Header Files</Filter>
    </ClInclude>
    <ClInclude Include="roguezombie\server\items\Item.hpp">
      <Filter>Header Files</Filter>
    </ClInclude>
    <ClInclude Include="roguezombie\server\items\ItemCategory.hpp">
      <Filter>Header Files</Filter>
    </ClInclude>
    <ClInclude Include="roguezombie\server\levels\Interior.hpp">
      <Filter>Header Files</Filter>
    </ClInclude>
    <ClInclude Include="roguezombie\server\lights\flare.hpp">
      <Filter>Header Files</Filter>
    </ClInclude>
    <ClInclude Include="roguezombie\server\mission\JournalEntry.hpp">
      <Filter>Header Files</Filter>
    </ClInclude>
    <ClInclude Include="roguezombie\server\mission\LogicalType.hpp">
      <Filter>Header Files</Filter>
    </ClInclude>
    <ClInclude Include="roguezombie\server\mission\Mission.hpp">
      <Filter>Header Files</Filter>
    </ClInclude>
    <ClInclude Include="roguezombie\server\structures\Chest.hpp">
      <Filter>Header Files</Filter>
    </ClInclude>
    <ClInclude Include="roguezombie\server\structures\Door.hpp">
      <Filter>Header Files</Filter>
    </ClInclude>
    <ClInclude Include="roguezombie\xogeni\XoGeniGame.hpp">
      <Filter>Header Files</Filter>
    </ClInclude>
    <ClInclude Include="roguezombie\xogeni\XoGeniStateStart.hpp">
      <Filter>Header Files</Filter>
    </ClInclude>
    <ClInclude Include="roguezombie\xogeni\XoLevelRenderer.hpp">
      <Filter>Header Files</Filter>
    </ClInclude>
    <ClInclude Include="roguezombie\xogeni\LevelGenerator\Cell.hpp">
      <Filter>Header Files</Filter>
    </ClInclude>
    <ClInclude Include="roguezombie\xogeni\LevelGenerator\CellMap.hpp">
      <Filter>Header Files</Filter>
    </ClInclude>
    <ClInclude Include="roguezombie\xogeni\LevelGenerator\Entrance.hpp">
      <Filter>Header Files</Filter>
    </ClInclude>
    <ClInclude Include="roguezombie\xogeni\LevelGenerator\Exit.hpp">
      <Filter>Header Files</Filter>
    </ClInclude>
    <ClInclude Include="roguezombie\xogeni\LevelGenerator\LevelGenerator.hpp">
      <Filter>Header Files</Filter>
    </ClInclude>
    <ClInclude Include="roguezombie\xogeni\LevelGenerator\Room.hpp">
      <Filter>Header Files</Filter>
    </ClInclude>
    <ClInclude Include="roguezombie\xogeni\LevelGenerator\RoomDoor.hpp">
      <Filter>Header Files</Filter>
    </ClInclude>
    <ClInclude Include="roguezombie\ResourcePath.h">
      <Filter>Header Files</Filter>
    </ClInclude>
    <ClInclude Include="roguezombie\server\characters\Scientist.hpp">
      <Filter>Header Files</Filter>
    </ClInclude>
    <ClInclude Include="roguezombie\client\structures\FurnishingClient.hpp">
      <Filter>Header Files</Filter>
    </ClInclude>
    <ClInclude Include="roguezombie\server\structures\Furnishing.hpp">
      <Filter>Header Files</Filter>
    </ClInclude>
    <ClInclude Include="roguezombie\server\characters\Guard.hpp">
      <Filter>Header Files</Filter>
    </ClInclude>
  </ItemGroup>
  <ItemGroup>
    <ClCompile Include="roguezombie\bitengine\Audio\MusicManager.cpp">
      <Filter>Source Files</Filter>
    </ClCompile>
    <ClCompile Include="roguezombie\bitengine\Audio\SoundManager.cpp">
      <Filter>Source Files</Filter>
    </ClCompile>
    <ClCompile Include="roguezombie\bitengine\Game\FrameTimer.cpp">
      <Filter>Source Files</Filter>
    </ClCompile>
    <ClCompile Include="roguezombie\bitengine\Game\Game.cpp">
      <Filter>Source Files</Filter>
    </ClCompile>
    <ClCompile Include="roguezombie\bitengine\Game\GameComponent.cpp">
      <Filter>Source Files</Filter>
    </ClCompile>
    <ClCompile Include="roguezombie\bitengine\Game\GameTimer.cpp">
      <Filter>Source Files</Filter>
    </ClCompile>
    <ClCompile Include="roguezombie\bitengine\Game\State.cpp">
      <Filter>Source Files</Filter>
    </ClCompile>
    <ClCompile Include="roguezombie\bitengine\Game\StateStack.cpp">
      <Filter>Source Files</Filter>
    </ClCompile>
    <ClCompile Include="roguezombie\bitengine\Game\VideoGame.cpp">
      <Filter>Source Files</Filter>
    </ClCompile>
    <ClCompile Include="roguezombie\bitengine\Graphics\Animation.cpp">
      <Filter>Source Files</Filter>
    </ClCompile>
    <ClCompile Include="roguezombie\bitengine\Graphics\Camera.cpp">
      <Filter>Source Files</Filter>
    </ClCompile>
    <ClCompile Include="roguezombie\bitengine\Graphics\ColorMixer.cpp">
      <Filter>Source Files</Filter>
    </ClCompile>
    <ClCompile Include="roguezombie\bitengine\Graphics\Sprite.cpp">
      <Filter>Source Files</Filter>
    </ClCompile>
    <ClCompile Include="roguezombie\bitengine\Graphics\SpriteLoader.cpp">
      <Filter>Source Files</Filter>
    </ClCompile>
    <ClCompile Include="roguezombie\bitengine\Graphics\Vertex3.cpp">
      <Filter>Source Files</Filter>
    </ClCompile>
    <ClCompile Include="roguezombie\bitengine\Graphics\Vertex3Array.cpp">
      <Filter>Source Files</Filter>
    </ClCompile>
    <ClCompile Include="roguezombie\bitengine\Graphics\VertexHelper.cpp">
      <Filter>Source Files</Filter>
    </ClCompile>
    <ClCompile Include="roguezombie\bitengine\Graphics\VertexMap.cpp">
      <Filter>Source Files</Filter>
    </ClCompile>
    <ClCompile Include="roguezombie\bitengine\Gui\Checkbox.cpp">
      <Filter>Source Files</Filter>
    </ClCompile>
    <ClCompile Include="roguezombie\bitengine\Gui\Container.cpp">
      <Filter>Source Files</Filter>
    </ClCompile>
    <ClCompile Include="roguezombie\bitengine\Gui\Draggable.cpp">
      <Filter>Source Files</Filter>
    </ClCompile>
    <ClCompile Include="roguezombie\bitengine\Gui\Easing.cpp">
      <Filter>Source Files</Filter>
    </ClCompile>
    <ClCompile Include="roguezombie\bitengine\Gui\Effect.cpp">
      <Filter>Source Files</Filter>
    </ClCompile>
    <ClCompile Include="roguezombie\bitengine\Gui\Element.cpp">
      <Filter>Source Files</Filter>
    </ClCompile>
    <ClCompile Include="roguezombie\bitengine\Gui\FadeEffect.cpp">
      <Filter>Source Files</Filter>
    </ClCompile>
    <ClCompile Include="roguezombie\bitengine\Gui\Hoverable.cpp">
      <Filter>Source Files</Filter>
    </ClCompile>
    <ClCompile Include="roguezombie\bitengine\Gui\Label.cpp">
      <Filter>Source Files</Filter>
    </ClCompile>
    <ClCompile Include="roguezombie\bitengine\Gui\Mouse.cpp">
      <Filter>Source Files</Filter>
    </ClCompile>
    <ClCompile Include="roguezombie\bitengine\Gui\MoveEffect.cpp">
      <Filter>Source Files</Filter>
    </ClCompile>
    <ClCompile Include="roguezombie\bitengine\Gui\Picture.cpp">
      <Filter>Source Files</Filter>
    </ClCompile>
    <ClCompile Include="roguezombie\bitengine\Gui\ScaleEffect.cpp">
      <Filter>Source Files</Filter>
    </ClCompile>
    <ClCompile Include="roguezombie\bitengine\Gui\Slider.cpp">
      <Filter>Source Files</Filter>
    </ClCompile>
    <ClCompile Include="roguezombie\bitengine\Input\InputBinding.cpp">
      <Filter>Source Files</Filter>
    </ClCompile>
    <ClCompile Include="roguezombie\bitengine\Input\InputBindingVector.cpp">
      <Filter>Source Files</Filter>
    </ClCompile>
    <ClCompile Include="roguezombie\bitengine\Input\InputManager.cpp">
      <Filter>Source Files</Filter>
    </ClCompile>
    <ClCompile Include="roguezombie\bitengine\Input\XinputGamepad.cpp">
      <Filter>Source Files</Filter>
    </ClCompile>
    <ClCompile Include="roguezombie\bitengine\Intelligence\Astar.cpp">
      <Filter>Source Files</Filter>
    </ClCompile>
    <ClCompile Include="roguezombie\bitengine\Intelligence\AstarNode.cpp">
      <Filter>Source Files</Filter>
    </ClCompile>
    <ClCompile Include="roguezombie\bitengine\Intelligence\FloodFill.cpp">
      <Filter>Source Files</Filter>
    </ClCompile>
    <ClCompile Include="roguezombie\bitengine\Intelligence\Shadowcaster.cpp">
      <Filter>Source Files</Filter>
    </ClCompile>
    <ClCompile Include="roguezombie\bitengine\Intelligence\Spiral.cpp">
      <Filter>Source Files</Filter>
    </ClCompile>
    <ClCompile Include="roguezombie\bitengine\Math\Math.cpp">
      <Filter>Source Files</Filter>
    </ClCompile>
    <ClCompile Include="roguezombie\bitengine\Math\mtrand.cpp">
      <Filter>Source Files</Filter>
    </ClCompile>
    <ClCompile Include="roguezombie\bitengine\Math\Random.cpp">
      <Filter>Source Files</Filter>
    </ClCompile>
    <ClCompile Include="roguezombie\bitengine\Math\RectangleMath.cpp">
      <Filter>Source Files</Filter>
    </ClCompile>
    <ClCompile Include="roguezombie\bitengine\Math\VectorMath.cpp">
      <Filter>Source Files</Filter>
    </ClCompile>
    <ClCompile Include="roguezombie\bitengine\Network\ClientPacket.cpp">
      <Filter>Source Files</Filter>
    </ClCompile>
    <ClCompile Include="roguezombie\bitengine\Network\ClientServerState.cpp">
      <Filter>Source Files</Filter>
    </ClCompile>
    <ClCompile Include="roguezombie\bitengine\Network\RemoteClient.cpp">
      <Filter>Source Files</Filter>
    </ClCompile>
    <ClCompile Include="roguezombie\bitengine\Network\Server.cpp">
      <Filter>Source Files</Filter>
    </ClCompile>
    <ClCompile Include="roguezombie\bitengine\Network\ServerPacket.cpp">
      <Filter>Source Files</Filter>
    </ClCompile>
    <ClCompile Include="roguezombie\bitengine\System\FileSystem.cpp">
      <Filter>Source Files</Filter>
    </ClCompile>
    <ClCompile Include="roguezombie\bitengine\System\Output.cpp">
      <Filter>Source Files</Filter>
    </ClCompile>
    <ClCompile Include="roguezombie\bitengine\System\String.cpp">
      <Filter>Source Files</Filter>
    </ClCompile>
    <ClCompile Include="roguezombie\bitengine\System\tinyxml2.cpp">
      <Filter>Source Files</Filter>
    </ClCompile>
    <ClCompile Include="roguezombie\client\BodyClient.cpp">
      <Filter>Source Files</Filter>
    </ClCompile>
    <ClCompile Include="roguezombie\client\CharacterClient.cpp">
      <Filter>Source Files</Filter>
    </ClCompile>
    <ClCompile Include="roguezombie\client\CharacterSprite.cpp">
      <Filter>Source Files</Filter>
    </ClCompile>
    <ClCompile Include="roguezombie\client\LevelClient.cpp">
      <Filter>Source Files</Filter>
    </ClCompile>
    <ClCompile Include="roguezombie\client\MoveMarker.cpp">
      <Filter>Source Files</Filter>
    </ClCompile>
    <ClCompile Include="roguezombie\client\RogueZombieGame.cpp">
      <Filter>Source Files</Filter>
    </ClCompile>
    <ClCompile Include="roguezombie\client\RZConfig.cpp">
      <Filter>Source Files</Filter>
    </ClCompile>
    <ClCompile Include="roguezombie\client\StateGameError.cpp">
      <Filter>Source Files</Filter>
    </ClCompile>
    <ClCompile Include="roguezombie\client\StateGamePlay.cpp">
      <Filter>Source Files</Filter>
    </ClCompile>
    <ClCompile Include="roguezombie\client\StateGameStart.cpp">
      <Filter>Source Files</Filter>
    </ClCompile>
    <ClCompile Include="roguezombie\client\StructureClient.cpp">
      <Filter>Source Files</Filter>
    </ClCompile>
    <ClCompile Include="roguezombie\client\TileClient.cpp">
      <Filter>Source Files</Filter>
    </ClCompile>
    <ClCompile Include="roguezombie\client\hud\ActionBar.cpp">
      <Filter>Source Files</Filter>
    </ClCompile>
    <ClCompile Include="roguezombie\client\hud\ActionBarSlot.cpp">
      <Filter>Source Files</Filter>
    </ClCompile>
    <ClCompile Include="roguezombie\client\hud\Console.cpp">
      <Filter>Source Files</Filter>
    </ClCompile>
    <ClCompile Include="roguezombie\client\hud\DialogMenu.cpp">
      <Filter>Source Files</Filter>
    </ClCompile>
    <ClCompile Include="roguezombie\client\hud\Frame.cpp">
      <Filter>Source Files</Filter>
    </ClCompile>
    <ClCompile Include="roguezombie\client\hud\Hud.cpp">
      <Filter>Source Files</Filter>
    </ClCompile>
    <ClCompile Include="roguezombie\client\hud\HudElement.cpp">
      <Filter>Source Files</Filter>
    </ClCompile>
    <ClCompile Include="roguezombie\client\hud\HudMenu.cpp">
      <Filter>Source Files</Filter>
    </ClCompile>
    <ClCompile Include="roguezombie\client\hud\InteractionMenu.cpp">
      <Filter>Source Files</Filter>
    </ClCompile>
    <ClCompile Include="roguezombie\client\hud\Inventory.cpp">
      <Filter>Source Files</Filter>
    </ClCompile>
    <ClCompile Include="roguezombie\client\hud\InventoryEquipmentSlot.cpp">
      <Filter>Source Files</Filter>
    </ClCompile>
    <ClCompile Include="roguezombie\client\hud\InventoryIcon.cpp">
      <Filter>Source Files</Filter>
    </ClCompile>
    <ClCompile Include="roguezombie\client\hud\InventoryItemLabel.cpp">
      <Filter>Source Files</Filter>
    </ClCompile>
    <ClCompile Include="roguezombie\client\hud\InventoryLootSlot.cpp">
      <Filter>Source Files</Filter>
    </ClCompile>
    <ClCompile Include="roguezombie\client\hud\InventoryPositionSlot.cpp">
      <Filter>Source Files</Filter>
    </ClCompile>
    <ClCompile Include="roguezombie\client\hud\Journal.cpp">
      <Filter>Source Files</Filter>
    </ClCompile>
    <ClCompile Include="roguezombie\client\hud\LootMenu.cpp">
      <Filter>Source Files</Filter>
    </ClCompile>
    <ClCompile Include="roguezombie\client\hud\Minimap.cpp">
      <Filter>Source Files</Filter>
    </ClCompile>
    <ClCompile Include="roguezombie\client\hud\Options.cpp">
      <Filter>Source Files</Filter>
    </ClCompile>
    <ClCompile Include="roguezombie\client\hud\OptionsBar.cpp">
      <Filter>Source Files</Filter>
    </ClCompile>
    <ClCompile Include="roguezombie\client\hud\StatBubble.cpp">
      <Filter>Source Files</Filter>
    </ClCompile>
    <ClCompile Include="roguezombie\client\hud\Tooltip.cpp">
      <Filter>Source Files</Filter>
    </ClCompile>
    <ClCompile Include="roguezombie\client\hud\TurnQueue.cpp">
      <Filter>Source Files</Filter>
    </ClCompile>
    <ClCompile Include="roguezombie\client\items\ItemClient.cpp">
      <Filter>Source Files</Filter>
    </ClCompile>
    <ClCompile Include="roguezombie\client\menus\ErrorMenu.cpp">
      <Filter>Source Files</Filter>
    </ClCompile>
    <ClCompile Include="roguezombie\client\menus\JoiningMenu.cpp">
      <Filter>Source Files</Filter>
    </ClCompile>
    <ClCompile Include="roguezombie\client\menus\StartMainMenu.cpp">
      <Filter>Source Files</Filter>
    </ClCompile>
    <ClCompile Include="roguezombie\client\menus\StateMenu.cpp">
      <Filter>Source Files</Filter>
    </ClCompile>
    <ClCompile Include="roguezombie\client\mission\MissionClient.cpp">
      <Filter>Source Files</Filter>
    </ClCompile>
    <ClCompile Include="roguezombie\client\structures\ChestClient.cpp">
      <Filter>Source Files</Filter>
    </ClCompile>
    <ClCompile Include="roguezombie\client\structures\DoorClient.cpp">
      <Filter>Source Files</Filter>
    </ClCompile>
    <ClCompile Include="roguezombie\client\structures\WallClient.cpp">
      <Filter>Source Files</Filter>
    </ClCompile>
    <ClCompile Include="roguezombie\server\AiRoutines.cpp">
      <Filter>Source Files</Filter>
    </ClCompile>
    <ClCompile Include="roguezombie\server\Body.cpp">
      <Filter>Source Files</Filter>
    </ClCompile>
    <ClCompile Include="roguezombie\server\Character.cpp">
      <Filter>Source Files</Filter>
    </ClCompile>
    <ClCompile Include="roguezombie\server\Command.cpp">
      <Filter>Source Files</Filter>
    </ClCompile>
    <ClCompile Include="roguezombie\server\GameplayServer.cpp">
      <Filter>Source Files</Filter>
    </ClCompile>
    <ClCompile Include="roguezombie\server\Interaction.cpp">
      <Filter>Source Files</Filter>
    </ClCompile>
    <ClCompile Include="roguezombie\server\Level.cpp">
      <Filter>Source Files</Filter>
    </ClCompile>
    <ClCompile Include="roguezombie\server\LevelLoader.cpp">
      <Filter>Source Files</Filter>
    </ClCompile>
    <ClCompile Include="roguezombie\server\LevelRunnable.cpp">
      <Filter>Source Files</Filter>
    </ClCompile>
    <ClCompile Include="roguezombie\server\Light.cpp">
      <Filter>Source Files</Filter>
    </ClCompile>
    <ClCompile Include="roguezombie\server\Player.cpp">
      <Filter>Source Files</Filter>
    </ClCompile>
    <ClCompile Include="roguezombie\server\RogueZombieServer.cpp">
      <Filter>Source Files</Filter>
    </ClCompile>
    <ClCompile Include="roguezombie\server\RpgSystem.cpp">
      <Filter>Source Files</Filter>
    </ClCompile>
    <ClCompile Include="roguezombie\server\StateServerPlay.cpp">
      <Filter>Source Files</Filter>
    </ClCompile>
    <ClCompile Include="roguezombie\server\Structure.cpp">
      <Filter>Source Files</Filter>
    </ClCompile>
    <ClCompile Include="roguezombie\server\Tile.cpp">
      <Filter>Source Files</Filter>
    </ClCompile>
    <ClCompile Include="roguezombie\server\characters\Hunter.cpp">
      <Filter>Source Files</Filter>
    </ClCompile>
    <ClCompile Include="roguezombie\server\characters\Ogre.cpp">
      <Filter>Source Files</Filter>
    </ClCompile>
    <ClCompile Include="roguezombie\server\characters\Zombie.cpp">
      <Filter>Source Files</Filter>
    </ClCompile>
    <ClCompile Include="roguezombie\server\dialog\Dialog.cpp">
      <Filter>Source Files</Filter>
    </ClCompile>
    <ClCompile Include="roguezombie\server\dialog\DialogEntry.cpp">
      <Filter>Source Files</Filter>
    </ClCompile>
    <ClCompile Include="roguezombie\server\dialog\DialogNode.cpp">
      <Filter>Source Files</Filter>
    </ClCompile>
    <ClCompile Include="roguezombie\server\dialog\DialogResponse.cpp">
      <Filter>Source Files</Filter>
    </ClCompile>
    <ClCompile Include="roguezombie\server\items\Item.cpp">
      <Filter>Source Files</Filter>
    </ClCompile>
    <ClCompile Include="roguezombie\server\levels\Interior.cpp">
      <Filter>Source Files</Filter>
    </ClCompile>
    <ClCompile Include="roguezombie\server\lights\Flare.cpp">
      <Filter>Source Files</Filter>
    </ClCompile>
    <ClCompile Include="roguezombie\server\mission\JournalEntry.cpp">
      <Filter>Source Files</Filter>
    </ClCompile>
    <ClCompile Include="roguezombie\server\mission\Mission.cpp">
      <Filter>Source Files</Filter>
    </ClCompile>
    <ClCompile Include="roguezombie\server\structures\Chest.cpp">
      <Filter>Source Files</Filter>
    </ClCompile>
    <ClCompile Include="roguezombie\server\structures\Door.cpp">
      <Filter>Source Files</Filter>
    </ClCompile>
    <ClCompile Include="roguezombie\server\structures\Wall.cpp">
      <Filter>Source Files</Filter>
    </ClCompile>
    <ClCompile Include="roguezombie\xogeni\XoGeniGame.cpp">
      <Filter>Source Files</Filter>
    </ClCompile>
    <ClCompile Include="roguezombie\xogeni\XoGeniStateStart.cpp">
      <Filter>Source Files</Filter>
    </ClCompile>
    <ClCompile Include="roguezombie\xogeni\XoLevelRenderer.cpp">
      <Filter>Source Files</Filter>
    </ClCompile>
    <ClCompile Include="roguezombie\xogeni\LevelGenerator\Cell.cpp">
      <Filter>Source Files</Filter>
    </ClCompile>
    <ClCompile Include="roguezombie\xogeni\LevelGenerator\CellMap.cpp">
      <Filter>Source Files</Filter>
    </ClCompile>
    <ClCompile Include="roguezombie\xogeni\LevelGenerator\Entrance.cpp">
      <Filter>Source Files</Filter>
    </ClCompile>
    <ClCompile Include="roguezombie\xogeni\LevelGenerator\Exit.cpp">
      <Filter>Source Files</Filter>
    </ClCompile>
    <ClCompile Include="roguezombie\xogeni\LevelGenerator\LevelGenerator.cpp">
      <Filter>Source Files</Filter>
    </ClCompile>
    <ClCompile Include="roguezombie\xogeni\LevelGenerator\Room.cpp">
      <Filter>Source Files</Filter>
    </ClCompile>
    <ClCompile Include="roguezombie\xogeni\LevelGenerator\RoomDoor.cpp">
      <Filter>Source Files</Filter>
    </ClCompile>
    <ClCompile Include="roguezombie\main.cpp">
      <Filter>Source Files</Filter>
    </ClCompile>
    <ClCompile Include="roguezombie\ResourcePath.cpp">
      <Filter>Source Files</Filter>
    </ClCompile>
    <ClCompile Include="roguezombie\server\characters\Scientist.cpp">
      <Filter>Source Files</Filter>
    </ClCompile>
    <ClCompile Include="roguezombie\client\structures\FurnishingClient.cpp">
      <Filter>Source Files</Filter>
    </ClCompile>
    <ClCompile Include="roguezombie\server\structures\Furnishing.cpp">
      <Filter>Source Files</Filter>
    </ClCompile>
    <ClCompile Include="roguezombie\server\characters\Guard.cpp">
      <Filter>Source Files</Filter>
    </ClCompile>
  </ItemGroup>
  <ItemGroup>
    <Font Include="roguezombie\content\Agency.ttf" />
    <Font Include="roguezombie\content\ascsys.ttf" />
    <Font Include="roguezombie\content\Audimat.ttf" />
    <Font Include="roguezombie\content\homespun.ttf" />
    <Font Include="roguezombie\content\OCRAEXT.TTF" />
    <Font Include="roguezombie\content\VeraMono.ttf" />
    <Font Include="roguezombie\content\xogeni\Agency.ttf" />
  </ItemGroup>
  <ItemGroup>
    <None Include="roguezombie\content\bit_chestclose_01.ogg" />
    <None Include="roguezombie\content\bit_chestopen_01.ogg" />
    <None Include="roguezombie\content\bit_click_01.ogg" />
    <None Include="roguezombie\content\bit_deathgrunt_01.ogg" />
    <None Include="roguezombie\content\bit_explosion01.ogg" />
    <None Include="roguezombie\content\bit_guts_01.ogg" />
    <None Include="roguezombie\content\bit_guts_02.ogg" />
    <None Include="roguezombie\content\bit_heal_01.ogg" />
    <None Include="roguezombie\content\bit_menu_01.ogg" />
    <None Include="roguezombie\content\bit_pistol_01.ogg" />
    <None Include="roguezombie\content\bit_rifle_01.ogg" />
    <None Include="roguezombie\content\bit_song_heartbeat.ogg" />
    <None Include="roguezombie\content\bit_thud_01.ogg" />
    <None Include="roguezombie\content\Illuminate.frag" />
    <None Include="roguezombie\content\interface_01.csv" />
    <None Include="roguezombie\content\Outline.frag" />
    <None Include="roguezombie\content\RockmenCombat.ogg" />
    <None Include="roguezombie\content\RockmenExplore.ogg" />
    <None Include="roguezombie\content\spritesheet_01.csv" />
    <None Include="roguezombie\content\xogeni\spritesheet.csv" />
    <None Include="..\..\roguezombie-assets\Assets\Graphics\spritesheet_01.csv" />
  </ItemGroup>
  <ItemGroup>
    <Image Include="roguezombie\content\ctrlz.png">
      <Filter>Resource Files</Filter>
    </Image>
    <Image Include="roguezombie\content\ctrlz3d.png">
      <Filter>Resource Files</Filter>
    </Image>
    <Image Include="roguezombie\content\ctrlziso.png">
      <Filter>Resource Files</Filter>
    </Image>
    <Image Include="roguezombie\content\ctrlzisosq.png">
      <Filter>Resource Files</Filter>
    </Image>
    <Image Include="roguezombie\content\interface_01.png">
      <Filter>Resource Files</Filter>
    </Image>
    <Image Include="roguezombie\content\minititle.png">
      <Filter>Resource Files</Filter>
    </Image>
    <Image Include="roguezombie\content\mouse.png">
      <Filter>Resource Files</Filter>
    </Image>
    <Image Include="roguezombie\content\options_checkbox_checked.png">
      <Filter>Resource Files</Filter>
    </Image>
    <Image Include="roguezombie\content\options_checkbox_unchecked.png">
      <Filter>Resource Files</Filter>
    </Image>
    <Image Include="roguezombie\content\options_sliderbg.png">
      <Filter>Resource Files</Filter>
    </Image>
    <Image Include="roguezombie\content\options_sliderhandle.png">
      <Filter>Resource Files</Filter>
    </Image>
    <Image Include="roguezombie\content\SliderBackground.png">
      <Filter>Resource Files</Filter>
    </Image>
    <Image Include="roguezombie\content\SliderHandle.png">
      <Filter>Resource Files</Filter>
    </Image>
    <Image Include="roguezombie\content\spritesheet_01.png">
      <Filter>Resource Files</Filter>
    </Image>
    <Image Include="roguezombie\content\title.png">
      <Filter>Resource Files</Filter>
    </Image>
    <Image Include="roguezombie\content\ZRLiso.png">
      <Filter>Resource Files</Filter>
    </Image>
    <Image Include="roguezombie\content\xogeni\spritesheet.png">
      <Filter>Resource Files</Filter>
    </Image>
    <Image Include="roguezombie\content\xogeni\mouse.png">
      <Filter>Resource Files</Filter>
    </Image>
    <Image Include="..\..\roguezombie-assets\Assets\Graphics\spritesheet_01.png">
      <Filter>Resource Files</Filter>
    </Image>
  </ItemGroup>
  <ItemGroup>
    <Xml Include="roguezombie\content\Demo.xml" />
    <Xml Include="roguezombie\content\HunterAI.xml" />
    <Xml Include="roguezombie\content\RZ2.xml" />
    <Xml Include="roguezombie\content\Test.xml" />
  </ItemGroup>
</Project>